// !$*UTF8*$!
{
	archiveVersion = 1;
	classes = {
	};
	objectVersion = 56;
	objects = {

/* Begin PBXBuildFile section */
		A94CBFA02C065C3E00466F49 /* HapticView.swift in Sources */ = {isa = PBXBuildFile; fileRef = A94CBF9F2C065C3E00466F49 /* HapticView.swift */; };
		A959DC012C0B132700B71A75 /* FruitContainer.xcdatamodeld in Sources */ = {isa = PBXBuildFile; fileRef = A959DBFF2C0B132700B71A75 /* FruitContainer.xcdatamodeld */; };
		A959DC032C0B13C500B71A75 /* Fruit+CoreData.swift in Sources */ = {isa = PBXBuildFile; fileRef = A959DC022C0B13C500B71A75 /* Fruit+CoreData.swift */; };
		A967096A2C07A5C000DC3CA6 /* LocalNotification.swift in Sources */ = {isa = PBXBuildFile; fileRef = A96709692C07A5C000DC3CA6 /* LocalNotification.swift */; };
		A9C82BC02C04D49B00BBDD11 /* SomeCodeSwiftUIApp.swift in Sources */ = {isa = PBXBuildFile; fileRef = A9C82BBF2C04D49B00BBDD11 /* SomeCodeSwiftUIApp.swift */; };
		A9C82BC22C04D49B00BBDD11 /* ContentView.swift in Sources */ = {isa = PBXBuildFile; fileRef = A9C82BC12C04D49B00BBDD11 /* ContentView.swift */; };
		A9C82BC42C04D49C00BBDD11 /* Assets.xcassets in Resources */ = {isa = PBXBuildFile; fileRef = A9C82BC32C04D49C00BBDD11 /* Assets.xcassets */; };
		A9C82BC72C04D49C00BBDD11 /* Preview Assets.xcassets in Resources */ = {isa = PBXBuildFile; fileRef = A9C82BC62C04D49C00BBDD11 /* Preview Assets.xcassets */; };
		A9C82BCE2C04D50300BBDD11 /* LongPressGesture.swift in Sources */ = {isa = PBXBuildFile; fileRef = A9C82BCD2C04D50300BBDD11 /* LongPressGesture.swift */; };
		A9C82BD02C04DCA800BBDD11 /* MagnificationGesture.swift in Sources */ = {isa = PBXBuildFile; fileRef = A9C82BCF2C04DCA800BBDD11 /* MagnificationGesture.swift */; };
		A9C82BD22C04F17000BBDD11 /* DragGestureView.swift in Sources */ = {isa = PBXBuildFile; fileRef = A9C82BD12C04F17000BBDD11 /* DragGestureView.swift */; };
/* End PBXBuildFile section */

/* Begin PBXFileReference section */
		A94CBF9F2C065C3E00466F49 /* HapticView.swift */ = {isa = PBXFileReference; lastKnownFileType = sourcecode.swift; path = HapticView.swift; sourceTree = "<group>"; };
		A959DC002C0B132700B71A75 /* FruitContainer.xcdatamodel */ = {isa = PBXFileReference; lastKnownFileType = wrapper.xcdatamodel; path = FruitContainer.xcdatamodel; sourceTree = "<group>"; };
		A959DC022C0B13C500B71A75 /* Fruit+CoreData.swift */ = {isa = PBXFileReference; lastKnownFileType = sourcecode.swift; path = "Fruit+CoreData.swift"; sourceTree = "<group>"; };
		A96709692C07A5C000DC3CA6 /* LocalNotification.swift */ = {isa = PBXFileReference; lastKnownFileType = sourcecode.swift; path = LocalNotification.swift; sourceTree = "<group>"; };
		A9C82BBC2C04D49B00BBDD11 /* SomeCodeSwiftUI.app */ = {isa = PBXFileReference; explicitFileType = wrapper.application; includeInIndex = 0; path = SomeCodeSwiftUI.app; sourceTree = BUILT_PRODUCTS_DIR; };
		A9C82BBF2C04D49B00BBDD11 /* SomeCodeSwiftUIApp.swift */ = {isa = PBXFileReference; lastKnownFileType = sourcecode.swift; path = SomeCodeSwiftUIApp.swift; sourceTree = "<group>"; };
		A9C82BC12C04D49B00BBDD11 /* ContentView.swift */ = {isa = PBXFileReference; lastKnownFileType = sourcecode.swift; path = ContentView.swift; sourceTree = "<group>"; };
		A9C82BC32C04D49C00BBDD11 /* Assets.xcassets */ = {isa = PBXFileReference; lastKnownFileType = folder.assetcatalog; path = Assets.xcassets; sourceTree = "<group>"; };
		A9C82BC62C04D49C00BBDD11 /* Preview Assets.xcassets */ = {isa = PBXFileReference; lastKnownFileType = folder.assetcatalog; path = "Preview Assets.xcassets"; sourceTree = "<group>"; };
		A9C82BCD2C04D50300BBDD11 /* LongPressGesture.swift */ = {isa = PBXFileReference; lastKnownFileType = sourcecode.swift; path = LongPressGesture.swift; sourceTree = "<group>"; };
		A9C82BCF2C04DCA800BBDD11 /* MagnificationGesture.swift */ = {isa = PBXFileReference; lastKnownFileType = sourcecode.swift; path = MagnificationGesture.swift; sourceTree = "<group>"; };
		A9C82BD12C04F17000BBDD11 /* DragGestureView.swift */ = {isa = PBXFileReference; lastKnownFileType = sourcecode.swift; path = DragGestureView.swift; sourceTree = "<group>"; };
/* End PBXFileReference section */

/* Begin PBXFrameworksBuildPhase section */
		A9C82BB92C04D49B00BBDD11 /* Frameworks */ = {
			isa = PBXFrameworksBuildPhase;
			buildActionMask = 2147483647;
			files = (
			);
			runOnlyForDeploymentPostprocessing = 0;
		};
/* End PBXFrameworksBuildPhase section */

/* Begin PBXGroup section */
		A9C82BB32C04D49B00BBDD11 = {
			isa = PBXGroup;
			children = (
				A9C82BBE2C04D49B00BBDD11 /* SomeCodeSwiftUI */,
				A9C82BBD2C04D49B00BBDD11 /* Products */,
			);
			sourceTree = "<group>";
		};
		A9C82BBD2C04D49B00BBDD11 /* Products */ = {
			isa = PBXGroup;
			children = (
				A9C82BBC2C04D49B00BBDD11 /* SomeCodeSwiftUI.app */,
			);
			name = Products;
			sourceTree = "<group>";
		};
		A9C82BBE2C04D49B00BBDD11 /* SomeCodeSwiftUI */ = {
			isa = PBXGroup;
			children = (
				A9C82BBF2C04D49B00BBDD11 /* SomeCodeSwiftUIApp.swift */,
				A9C82BC12C04D49B00BBDD11 /* ContentView.swift */,
				A9C82BCD2C04D50300BBDD11 /* LongPressGesture.swift */,
				A9C82BCF2C04DCA800BBDD11 /* MagnificationGesture.swift */,
				A9C82BD12C04F17000BBDD11 /* DragGestureView.swift */,
				A94CBF9F2C065C3E00466F49 /* HapticView.swift */,
				A96709692C07A5C000DC3CA6 /* LocalNotification.swift */,
				A959DC022C0B13C500B71A75 /* Fruit+CoreData.swift */,
				A959DBFF2C0B132700B71A75 /* FruitContainer.xcdatamodeld */,
				A9C82BC32C04D49C00BBDD11 /* Assets.xcassets */,
				A9C82BC52C04D49C00BBDD11 /* Preview Content */,
			);
			path = SomeCodeSwiftUI;
			sourceTree = "<group>";
		};
		A9C82BC52C04D49C00BBDD11 /* Preview Content */ = {
			isa = PBXGroup;
			children = (
				A9C82BC62C04D49C00BBDD11 /* Preview Assets.xcassets */,
			);
			path = "Preview Content";
			sourceTree = "<group>";
		};
/* End PBXGroup section */

/* Begin PBXNativeTarget section */
		A9C82BBB2C04D49B00BBDD11 /* SomeCodeSwiftUI */ = {
			isa = PBXNativeTarget;
			buildConfigurationList = A9C82BCA2C04D49C00BBDD11 /* Build configuration list for PBXNativeTarget "SomeCodeSwiftUI" */;
			buildPhases = (
				A9C82BB82C04D49B00BBDD11 /* Sources */,
				A9C82BB92C04D49B00BBDD11 /* Frameworks */,
				A9C82BBA2C04D49B00BBDD11 /* Resources */,
			);
			buildRules = (
			);
			dependencies = (
			);
			name = SomeCodeSwiftUI;
			productName = SomeCodeSwiftUI;
			productReference = A9C82BBC2C04D49B00BBDD11 /* SomeCodeSwiftUI.app */;
			productType = "com.apple.product-type.application";
		};
/* End PBXNativeTarget section */

/* Begin PBXProject section */
		A9C82BB42C04D49B00BBDD11 /* Project object */ = {
			isa = PBXProject;
			attributes = {
				BuildIndependentTargetsInParallel = 1;
				LastSwiftUpdateCheck = 1540;
				LastUpgradeCheck = 1540;
				TargetAttributes = {
					A9C82BBB2C04D49B00BBDD11 = {
						CreatedOnToolsVersion = 15.4;
					};
				};
			};
			buildConfigurationList = A9C82BB72C04D49B00BBDD11 /* Build configuration list for PBXProject "SomeCodeSwiftUI" */;
			compatibilityVersion = "Xcode 14.0";
			developmentRegion = en;
			hasScannedForEncodings = 0;
			knownRegions = (
				en,
				Base,
			);
			mainGroup = A9C82BB32C04D49B00BBDD11;
			productRefGroup = A9C82BBD2C04D49B00BBDD11 /* Products */;
			projectDirPath = "";
			projectRoot = "";
			targets = (
				A9C82BBB2C04D49B00BBDD11 /* SomeCodeSwiftUI */,
			);
		};
/* End PBXProject section */

/* Begin PBXResourcesBuildPhase section */
		A9C82BBA2C04D49B00BBDD11 /* Resources */ = {
			isa = PBXResourcesBuildPhase;
			buildActionMask = 2147483647;
			files = (
				A9C82BC72C04D49C00BBDD11 /* Preview Assets.xcassets in Resources */,
				A9C82BC42C04D49C00BBDD11 /* Assets.xcassets in Resources */,
			);
			runOnlyForDeploymentPostprocessing = 0;
		};
/* End PBXResourcesBuildPhase section */

/* Begin PBXSourcesBuildPhase section */
		A9C82BB82C04D49B00BBDD11 /* Sources */ = {
			isa = PBXSourcesBuildPhase;
			buildActionMask = 2147483647;
			files = (
				A959DC032C0B13C500B71A75 /* Fruit+CoreData.swift in Sources */,
				A959DC012C0B132700B71A75 /* FruitContainer.xcdatamodeld in Sources */,
				A9C82BC22C04D49B00BBDD11 /* ContentView.swift in Sources */,
				A94CBFA02C065C3E00466F49 /* HapticView.swift in Sources */,
				A9C82BD02C04DCA800BBDD11 /* MagnificationGesture.swift in Sources */,
				A9C82BC02C04D49B00BBDD11 /* SomeCodeSwiftUIApp.swift in Sources */,
				A9C82BCE2C04D50300BBDD11 /* LongPressGesture.swift in Sources */,
				A967096A2C07A5C000DC3CA6 /* LocalNotification.swift in Sources */,
				A9C82BD22C04F17000BBDD11 /* DragGestureView.swift in Sources */,
			);
			runOnlyForDeploymentPostprocessing = 0;
		};
/* End PBXSourcesBuildPhase section */

/* Begin XCBuildConfiguration section */
		A9C82BC82C04D49C00BBDD11 /* Debug */ = {
			isa = XCBuildConfiguration;
			buildSettings = {
				ALWAYS_SEARCH_USER_PATHS = NO;
				ASSETCATALOG_COMPILER_GENERATE_SWIFT_ASSET_SYMBOL_EXTENSIONS = YES;
				CLANG_ANALYZER_NONNULL = YES;
				CLANG_ANALYZER_NUMBER_OBJECT_CONVERSION = YES_AGGRESSIVE;
				CLANG_CXX_LANGUAGE_STANDARD = "gnu++20";
				CLANG_ENABLE_MODULES = YES;
				CLANG_ENABLE_OBJC_ARC = YES;
				CLANG_ENABLE_OBJC_WEAK = YES;
				CLANG_WARN_BLOCK_CAPTURE_AUTORELEASING = YES;
				CLANG_WARN_BOOL_CONVERSION = YES;
				CLANG_WARN_COMMA = YES;
				CLANG_WARN_CONSTANT_CONVERSION = YES;
				CLANG_WARN_DEPRECATED_OBJC_IMPLEMENTATIONS = YES;
				CLANG_WARN_DIRECT_OBJC_ISA_USAGE = YES_ERROR;
				CLANG_WARN_DOCUMENTATION_COMMENTS = YES;
				CLANG_WARN_EMPTY_BODY = YES;
				CLANG_WARN_ENUM_CONVERSION = YES;
				CLANG_WARN_INFINITE_RECURSION = YES;
				CLANG_WARN_INT_CONVERSION = YES;
				CLANG_WARN_NON_LITERAL_NULL_CONVERSION = YES;
				CLANG_WARN_OBJC_IMPLICIT_RETAIN_SELF = YES;
				CLANG_WARN_OBJC_LITERAL_CONVERSION = YES;
				CLANG_WARN_OBJC_ROOT_CLASS = YES_ERROR;
				CLANG_WARN_QUOTED_INCLUDE_IN_FRAMEWORK_HEADER = YES;
				CLANG_WARN_RANGE_LOOP_ANALYSIS = YES;
				CLANG_WARN_STRICT_PROTOTYPES = YES;
				CLANG_WARN_SUSPICIOUS_MOVE = YES;
				CLANG_WARN_UNGUARDED_AVAILABILITY = YES_AGGRESSIVE;
				CLANG_WARN_UNREACHABLE_CODE = YES;
				CLANG_WARN__DUPLICATE_METHOD_MATCH = YES;
				COPY_PHASE_STRIP = NO;
				DEBUG_INFORMATION_FORMAT = dwarf;
				ENABLE_STRICT_OBJC_MSGSEND = YES;
				ENABLE_TESTABILITY = YES;
				ENABLE_USER_SCRIPT_SANDBOXING = YES;
				GCC_C_LANGUAGE_STANDARD = gnu17;
				GCC_DYNAMIC_NO_PIC = NO;
				GCC_NO_COMMON_BLOCKS = YES;
				GCC_OPTIMIZATION_LEVEL = 0;
				GCC_PREPROCESSOR_DEFINITIONS = (
					"DEBUG=1",
					"$(inherited)",
				);
				GCC_WARN_64_TO_32_BIT_CONVERSION = YES;
				GCC_WARN_ABOUT_RETURN_TYPE = YES_ERROR;
				GCC_WARN_UNDECLARED_SELECTOR = YES;
				GCC_WARN_UNINITIALIZED_AUTOS = YES_AGGRESSIVE;
				GCC_WARN_UNUSED_FUNCTION = YES;
				GCC_WARN_UNUSED_VARIABLE = YES;
				IPHONEOS_DEPLOYMENT_TARGET = 17.5;
				LOCALIZATION_PREFERS_STRING_CATALOGS = YES;
				MTL_ENABLE_DEBUG_INFO = INCLUDE_SOURCE;
				MTL_FAST_MATH = YES;
				ONLY_ACTIVE_ARCH = YES;
				SDKROOT = iphoneos;
				SWIFT_ACTIVE_COMPILATION_CONDITIONS = "DEBUG $(inherited)";
				SWIFT_OPTIMIZATION_LEVEL = "-Onone";
			};
			name = Debug;
		};
		A9C82BC92C04D49C00BBDD11 /* Release */ = {
			isa = XCBuildConfiguration;
			buildSettings = {
				ALWAYS_SEARCH_USER_PATHS = NO;
				ASSETCATALOG_COMPILER_GENERATE_SWIFT_ASSET_SYMBOL_EXTENSIONS = YES;
				CLANG_ANALYZER_NONNULL = YES;
				CLANG_ANALYZER_NUMBER_OBJECT_CONVERSION = YES_AGGRESSIVE;
				CLANG_CXX_LANGUAGE_STANDARD = "gnu++20";
				CLANG_ENABLE_MODULES = YES;
				CLANG_ENABLE_OBJC_ARC = YES;
				CLANG_ENABLE_OBJC_WEAK = YES;
				CLANG_WARN_BLOCK_CAPTURE_AUTORELEASING = YES;
				CLANG_WARN_BOOL_CONVERSION = YES;
				CLANG_WARN_COMMA = YES;
				CLANG_WARN_CONSTANT_CONVERSION = YES;
				CLANG_WARN_DEPRECATED_OBJC_IMPLEMENTATIONS = YES;
				CLANG_WARN_DIRECT_OBJC_ISA_USAGE = YES_ERROR;
				CLANG_WARN_DOCUMENTATION_COMMENTS = YES;
				CLANG_WARN_EMPTY_BODY = YES;
				CLANG_WARN_ENUM_CONVERSION = YES;
				CLANG_WARN_INFINITE_RECURSION = YES;
				CLANG_WARN_INT_CONVERSION = YES;
				CLANG_WARN_NON_LITERAL_NULL_CONVERSION = YES;
				CLANG_WARN_OBJC_IMPLICIT_RETAIN_SELF = YES;
				CLANG_WARN_OBJC_LITERAL_CONVERSION = YES;
				CLANG_WARN_OBJC_ROOT_CLASS = YES_ERROR;
				CLANG_WARN_QUOTED_INCLUDE_IN_FRAMEWORK_HEADER = YES;
				CLANG_WARN_RANGE_LOOP_ANALYSIS = YES;
				CLANG_WARN_STRICT_PROTOTYPES = YES;
				CLANG_WARN_SUSPICIOUS_MOVE = YES;
				CLANG_WARN_UNGUARDED_AVAILABILITY = YES_AGGRESSIVE;
				CLANG_WARN_UNREACHABLE_CODE = YES;
				CLANG_WARN__DUPLICATE_METHOD_MATCH = YES;
				COPY_PHASE_STRIP = NO;
				DEBUG_INFORMATION_FORMAT = "dwarf-with-dsym";
				ENABLE_NS_ASSERTIONS = NO;
				ENABLE_STRICT_OBJC_MSGSEND = YES;
				ENABLE_USER_SCRIPT_SANDBOXING = YES;
				GCC_C_LANGUAGE_STANDARD = gnu17;
				GCC_NO_COMMON_BLOCKS = YES;
				GCC_WARN_64_TO_32_BIT_CONVERSION = YES;
				GCC_WARN_ABOUT_RETURN_TYPE = YES_ERROR;
				GCC_WARN_UNDECLARED_SELECTOR = YES;
				GCC_WARN_UNINITIALIZED_AUTOS = YES_AGGRESSIVE;
				GCC_WARN_UNUSED_FUNCTION = YES;
				GCC_WARN_UNUSED_VARIABLE = YES;
				IPHONEOS_DEPLOYMENT_TARGET = 17.5;
				LOCALIZATION_PREFERS_STRING_CATALOGS = YES;
				MTL_ENABLE_DEBUG_INFO = NO;
				MTL_FAST_MATH = YES;
				SDKROOT = iphoneos;
				SWIFT_COMPILATION_MODE = wholemodule;
				VALIDATE_PRODUCT = YES;
			};
			name = Release;
		};
		A9C82BCB2C04D49C00BBDD11 /* Debug */ = {
			isa = XCBuildConfiguration;
			buildSettings = {
				ASSETCATALOG_COMPILER_APPICON_NAME = AppIcon;
				ASSETCATALOG_COMPILER_GLOBAL_ACCENT_COLOR_NAME = AccentColor;
				CODE_SIGN_STYLE = Automatic;
				CURRENT_PROJECT_VERSION = 1;
				DEVELOPMENT_ASSET_PATHS = "\"SomeCodeSwiftUI/Preview Content\"";
				DEVELOPMENT_TEAM = B3YXFTQFW9;
				ENABLE_PREVIEWS = YES;
				GENERATE_INFOPLIST_FILE = YES;
				INFOPLIST_KEY_UIApplicationSceneManifest_Generation = YES;
				INFOPLIST_KEY_UIApplicationSupportsIndirectInputEvents = YES;
				INFOPLIST_KEY_UILaunchScreen_Generation = YES;
				INFOPLIST_KEY_UISupportedInterfaceOrientations_iPad = "UIInterfaceOrientationPortrait UIInterfaceOrientationPortraitUpsideDown UIInterfaceOrientationLandscapeLeft UIInterfaceOrientationLandscapeRight";
				INFOPLIST_KEY_UISupportedInterfaceOrientations_iPhone = "UIInterfaceOrientationPortrait UIInterfaceOrientationLandscapeLeft UIInterfaceOrientationLandscapeRight";
				LD_RUNPATH_SEARCH_PATHS = (
					"$(inherited)",
					"@executable_path/Frameworks",
				);
				MARKETING_VERSION = 1.0;
				PRODUCT_BUNDLE_IDENTIFIER = com.app.blur.SomeCodeSwiftUI;
				PRODUCT_NAME = "$(TARGET_NAME)";
				SWIFT_EMIT_LOC_STRINGS = YES;
				SWIFT_VERSION = 5.0;
				TARGETED_DEVICE_FAMILY = "1,2";
			};
			name = Debug;
		};
		A9C82BCC2C04D49C00BBDD11 /* Release */ = {
			isa = XCBuildConfiguration;
			buildSettings = {
				ASSETCATALOG_COMPILER_APPICON_NAME = AppIcon;
				ASSETCATALOG_COMPILER_GLOBAL_ACCENT_COLOR_NAME = AccentColor;
				CODE_SIGN_STYLE = Automatic;
				CURRENT_PROJECT_VERSION = 1;
				DEVELOPMENT_ASSET_PATHS = "\"SomeCodeSwiftUI/Preview Content\"";
				DEVELOPMENT_TEAM = B3YXFTQFW9;
				ENABLE_PREVIEWS = YES;
				GENERATE_INFOPLIST_FILE = YES;
				INFOPLIST_KEY_UIApplicationSceneManifest_Generation = YES;
				INFOPLIST_KEY_UIApplicationSupportsIndirectInputEvents = YES;
				INFOPLIST_KEY_UILaunchScreen_Generation = YES;
				INFOPLIST_KEY_UISupportedInterfaceOrientations_iPad = "UIInterfaceOrientationPortrait UIInterfaceOrientationPortraitUpsideDown UIInterfaceOrientationLandscapeLeft UIInterfaceOrientationLandscapeRight";
				INFOPLIST_KEY_UISupportedInterfaceOrientations_iPhone = "UIInterfaceOrientationPortrait UIInterfaceOrientationLandscapeLeft UIInterfaceOrientationLandscapeRight";
				LD_RUNPATH_SEARCH_PATHS = (
					"$(inherited)",
					"@executable_path/Frameworks",
				);
				MARKETING_VERSION = 1.0;
				PRODUCT_BUNDLE_IDENTIFIER = com.app.blur.SomeCodeSwiftUI;
				PRODUCT_NAME = "$(TARGET_NAME)";
				SWIFT_EMIT_LOC_STRINGS = YES;
				SWIFT_VERSION = 5.0;
				TARGETED_DEVICE_FAMILY = "1,2";
			};
			name = Release;
		};
/* End XCBuildConfiguration section */

/* Begin XCConfigurationList section */
		A9C82BB72C04D49B00BBDD11 /* Build configuration list for PBXProject "SomeCodeSwiftUI" */ = {
			isa = XCConfigurationList;
			buildConfigurations = (
				A9C82BC82C04D49C00BBDD11 /* Debug */,
				A9C82BC92C04D49C00BBDD11 /* Release */,
			);
			defaultConfigurationIsVisible = 0;
			defaultConfigurationName = Release;
		};
		A9C82BCA2C04D49C00BBDD11 /* Build configuration list for PBXNativeTarget "SomeCodeSwiftUI" */ = {
			isa = XCConfigurationList;
			buildConfigurations = (
				A9C82BCB2C04D49C00BBDD11 /* Debug */,
				A9C82BCC2C04D49C00BBDD11 /* Release */,
			);
			defaultConfigurationIsVisible = 0;
			defaultConfigurationName = Release;
		};
/* End XCConfigurationList section */

/* Begin XCVersionGroup section */
		A959DBFF2C0B132700B71A75 /* FruitContainer.xcdatamodeld */ = {
			isa = XCVersionGroup;
			children = (
				A959DC002C0B132700B71A75 /* FruitContainer.xcdatamodel */,
			);
			currentVersion = A959DC002C0B132700B71A75 /* FruitContainer.xcdatamodel */;
			name = FruitContainer.xcdatamodeld;
			path = /Users/mohammadblur/Desktop/SomeCodeSwiftUI/SomeCodeSwiftUI/FruitContainer.xcdatamodeld;
			sourceTree = "<group>";
			versionGroupType = wrapper.xcdatamodel;
		};
/* End XCVersionGroup section */
	};
	rootObject = A9C82BB42C04D49B00BBDD11 /* Project object */;
}
